# This file is automatically @generated by Cargo.
# It is not intended for manual editing.
[[package]]
name = "enum_dispatch"
version = "0.3.5"
source = "registry+https://github.com/rust-lang/crates.io-index"
checksum = "8946e241a7774d5327d92749c50806f275f57d031d2229ecbfd65469a8ad338e"
dependencies = [
 "once_cell",
 "proc-macro2",
 "quote",
 "syn",
]

[[package]]
name = "libc"
version = "0.2.86"
source = "registry+https://github.com/rust-lang/crates.io-index"
checksum = "b7282d924be3275cec7f6756ff4121987bc6481325397dde6ba3e7802b1a8b1c"

[[package]]
name = "once_cell"
version = "1.5.2"
source = "registry+https://github.com/rust-lang/crates.io-index"
checksum = "13bd41f508810a131401606d54ac32a467c97172d74ba7662562ebba5ad07fa0"

[[package]]
name = "proc-macro2"
version = "1.0.24"
source = "registry+https://github.com/rust-lang/crates.io-index"
checksum = "1e0704ee1a7e00d7bb417d0770ea303c1bccbabf0ef1667dae92b5967f5f8a71"
dependencies = [
 "unicode-xid",
]

[[package]]
name = "quote"
version = "1.0.8"
source = "registry+https://github.com/rust-lang/crates.io-index"
checksum = "991431c3519a3f36861882da93630ce66b52918dcf1b8e2fd66b397fc96f28df"
dependencies = [
 "proc-macro2",
]

[[package]]
name = "rotput"
version = "0.1.0"
dependencies = [
 "shmem",
]

[[package]]
name = "shmem"
version = "0.1.0"
dependencies = [
 "enum_dispatch",
 "libc",
 "shmemlib",
 "uname",
]

[[package]]
name = "shmemlib"
version = "0.1.0"

[[package]]
name = "syn"
version = "1.0.60"
source = "registry+https://github.com/rust-lang/crates.io-index"
checksum = "c700597eca8a5a762beb35753ef6b94df201c81cca676604f547495a0d7f0081"
dependencies = [
 "proc-macro2",
 "quote",
 "unicode-xid",
]

[[package]]
name = "uname"
version = "0.1.1"
source = "registry+https://github.com/rust-lang/crates.io-index"
checksum = "b72f89f0ca32e4db1c04e2a72f5345d59796d4866a1ee0609084569f73683dc8"
dependencies = [
 "libc",
]

[[package]]
name = "unicode-xid"
version = "0.2.1"
source = "registry+https://github.com/rust-lang/crates.io-index"
checksum = "f7fe0bb3479651439c9112f72b6c505038574c9fbb575ed1bf3b797fa39dd564"
